
Microsoft Visual Studio Solution File, Format Version 12.00
# Visual Studio 14
VisualStudioVersion = 14.0.25420.1
MinimumVisualStudioVersion = 10.0.40219.1
Project("{FAE04EC0-301F-11D3-BF4B-00C04F79EFBC}") = "ProductionApp.UserInterface", "ProductionApp.UserInterface\ProductionApp.UserInterface.csproj", "{633FEAF5-C0CF-40A7-BB17-4DE4E52914DE}"
EndProject
Project("{FAE04EC0-301F-11D3-BF4B-00C04F79EFBC}") = "ProductionApp.BusinessService", "ProductionApp.BusinessService\ProductionApp.BusinessService.csproj", "{9E2B438A-496B-4393-B3A8-92FBABDD8CB0}"
EndProject
Project("{FAE04EC0-301F-11D3-BF4B-00C04F79EFBC}") = "ProductionApp.RepositoryServices", "ProductionApp.RepositoryServices\ProductionApp.RepositoryServices.csproj", "{B689C310-97C2-4E1E-B19A-D6A859910CD7}"
EndProject
Project("{FAE04EC0-301F-11D3-BF4B-00C04F79EFBC}") = "ProductionApp.DataAccessObject", "ProductionApp.DataAccessObject\ProductionApp.DataAccessObject.csproj", "{BCB1CBA6-1E3B-4637-9A90-5B7543F0A732}"
EndProject
Global
	GlobalSection(SolutionConfigurationPlatforms) = preSolution
		Debug|Any CPU = Debug|Any CPU
		Release|Any CPU = Release|Any CPU
	EndGlobalSection
	GlobalSection(ProjectConfigurationPlatforms) = postSolution
		{633FEAF5-C0CF-40A7-BB17-4DE4E52914DE}.Debug|Any CPU.ActiveCfg = Debug|Any CPU
		{633FEAF5-C0CF-40A7-BB17-4DE4E52914DE}.Debug|Any CPU.Build.0 = Debug|Any CPU
		{633FEAF5-C0CF-40A7-BB17-4DE4E52914DE}.Release|Any CPU.ActiveCfg = Release|Any CPU
		{633FEAF5-C0CF-40A7-BB17-4DE4E52914DE}.Release|Any CPU.Build.0 = Release|Any CPU
		{9E2B438A-496B-4393-B3A8-92FBABDD8CB0}.Debug|Any CPU.ActiveCfg = Debug|Any CPU
		{9E2B438A-496B-4393-B3A8-92FBABDD8CB0}.Debug|Any CPU.Build.0 = Debug|Any CPU
		{9E2B438A-496B-4393-B3A8-92FBABDD8CB0}.Release|Any CPU.ActiveCfg = Release|Any CPU
		{9E2B438A-496B-4393-B3A8-92FBABDD8CB0}.Release|Any CPU.Build.0 = Release|Any CPU
		{B689C310-97C2-4E1E-B19A-D6A859910CD7}.Debug|Any CPU.ActiveCfg = Debug|Any CPU
		{B689C310-97C2-4E1E-B19A-D6A859910CD7}.Debug|Any CPU.Build.0 = Debug|Any CPU
		{B689C310-97C2-4E1E-B19A-D6A859910CD7}.Release|Any CPU.ActiveCfg = Release|Any CPU
		{B689C310-97C2-4E1E-B19A-D6A859910CD7}.Release|Any CPU.Build.0 = Release|Any CPU
		{BCB1CBA6-1E3B-4637-9A90-5B7543F0A732}.Debug|Any CPU.ActiveCfg = Debug|Any CPU
		{BCB1CBA6-1E3B-4637-9A90-5B7543F0A732}.Debug|Any CPU.Build.0 = Debug|Any CPU
		{BCB1CBA6-1E3B-4637-9A90-5B7543F0A732}.Release|Any CPU.ActiveCfg = Release|Any CPU
		{BCB1CBA6-1E3B-4637-9A90-5B7543F0A732}.Release|Any CPU.Build.0 = Release|Any CPU
	EndGlobalSection
	GlobalSection(SolutionProperties) = preSolution
		HideSolutionNode = FALSE
	EndGlobalSection
EndGlobal
